// !$*UTF8*$!
{
	archiveVersion = 1;
	classes = {
	};
	objectVersion = 77;
	objects = {

/* Begin PBXBuildFile section */
		579AD8492E64BAC2004BC7F7 /* FirebaseAnalytics in Frameworks */ = {isa = PBXBuildFile; productRef = 579AD8482E64BAC2004BC7F7 /* FirebaseAnalytics */; };
		579AD84B2E64BAED004BC7F7 /* FirebaseAnalytics in Frameworks */ = {isa = PBXBuildFile; productRef = 579AD84A2E64BAED004BC7F7 /* FirebaseAnalytics */; };
		579AD84D2E64BAFD004BC7F7 /* FirebaseAnalytics in Frameworks */ = {isa = PBXBuildFile; productRef = 579AD84C2E64BAFD004BC7F7 /* FirebaseAnalytics */; };
		579AD84F2E64BB97004BC7F7 /* FirebaseMessaging in Frameworks */ = {isa = PBXBuildFile; productRef = 579AD84E2E64BB97004BC7F7 /* FirebaseMessaging */; };
		579AD8512E64BBBD004BC7F7 /* FirebaseMessaging in Frameworks */ = {isa = PBXBuildFile; productRef = 579AD8502E64BBBD004BC7F7 /* FirebaseMessaging */; };
		579AD8532E64BBD1004BC7F7 /* FirebaseCore in Frameworks */ = {isa = PBXBuildFile; productRef = 579AD8522E64BBD1004BC7F7 /* FirebaseCore */; };
/* End PBXBuildFile section */

/* Begin PBXContainerItemProxy section */
		579AD8252E64B6B0004BC7F7 /* PBXContainerItemProxy */ = {
			isa = PBXContainerItemProxy;
			containerPortal = 579AD80F2E64B6AE004BC7F7 /* Project object */;
			proxyType = 1;
			remoteGlobalIDString = 579AD8162E64B6AE004BC7F7;
			remoteInfo = "tiefblau app";
		};
		579AD82F2E64B6B0004BC7F7 /* PBXContainerItemProxy */ = {
			isa = PBXContainerItemProxy;
			containerPortal = 579AD80F2E64B6AE004BC7F7 /* Project object */;
			proxyType = 1;
			remoteGlobalIDString = 579AD8162E64B6AE004BC7F7;
			remoteInfo = "tiefblau app";
		};
/* End PBXContainerItemProxy section */

/* Begin PBXFileReference section */
		579AD8172E64B6AE004BC7F7 /* tiefblau app.app */ = {isa = PBXFileReference; explicitFileType = wrapper.application; includeInIndex = 0; path = "tiefblau app.app"; sourceTree = BUILT_PRODUCTS_DIR; };
		579AD8242E64B6B0004BC7F7 /* tiefblau appTests.xctest */ = {isa = PBXFileReference; explicitFileType = wrapper.cfbundle; includeInIndex = 0; path = "tiefblau appTests.xctest"; sourceTree = BUILT_PRODUCTS_DIR; };
		579AD82E2E64B6B0004BC7F7 /* tiefblau appUITests.xctest */ = {isa = PBXFileReference; explicitFileType = wrapper.cfbundle; includeInIndex = 0; path = "tiefblau appUITests.xctest"; sourceTree = BUILT_PRODUCTS_DIR; };
		579AD88F2E6504EE004BC7F7 /* tiefblau-app-Info.plist */ = {isa = PBXFileReference; lastKnownFileType = text.plist.xml; path = "tiefblau-app-Info.plist"; sourceTree = "<group>"; };
/* End PBXFileReference section */

/* Begin PBXFileSystemSynchronizedBuildFileExceptionSet section */
		579AD8452E64BA19004BC7F7 /* Exceptions for "tiefblau app" folder in "tiefblau appTests" target */ = {
			isa = PBXFileSystemSynchronizedBuildFileExceptionSet;
			membershipExceptions = (
				"GoogleService-Info.plist",
			);
			target = 579AD8232E64B6B0004BC7F7 /* tiefblau appTests */;
		};
		579AD8462E64BA19004BC7F7 /* Exceptions for "tiefblau app" folder in "tiefblau appUITests" target */ = {
			isa = PBXFileSystemSynchronizedBuildFileExceptionSet;
			membershipExceptions = (
				"GoogleService-Info.plist",
			);
			target = 579AD82D2E64B6B0004BC7F7 /* tiefblau appUITests */;
		};
/* End PBXFileSystemSynchronizedBuildFileExceptionSet section */

/* Begin PBXFileSystemSynchronizedRootGroup section */
		579AD8192E64B6AE004BC7F7 /* tiefblau app */ = {
			isa = PBXFileSystemSynchronizedRootGroup;
			exceptions = (
				579AD8452E64BA19004BC7F7 /* Exceptions for "tiefblau app" folder in "tiefblau appTests" target */,
				579AD8462E64BA19004BC7F7 /* Exceptions for "tiefblau app" folder in "tiefblau appUITests" target */,
			);
			path = "tiefblau app";
			sourceTree = "<group>";
		};
		579AD8272E64B6B0004BC7F7 /* tiefblau appTests */ = {
			isa = PBXFileSystemSynchronizedRootGroup;
			path = "tiefblau appTests";
			sourceTree = "<group>";
		};
		579AD8312E64B6B0004BC7F7 /* tiefblau appUITests */ = {
			isa = PBXFileSystemSynchronizedRootGroup;
			path = "tiefblau appUITests";
			sourceTree = "<group>";
		};
/* End PBXFileSystemSynchronizedRootGroup section */

/* Begin PBXFrameworksBuildPhase section */
		579AD8142E64B6AE004BC7F7 /* Frameworks */ = {
			isa = PBXFrameworksBuildPhase;
			buildActionMask = 2147483647;
			files = (
				579AD84F2E64BB97004BC7F7 /* FirebaseMessaging in Frameworks */,
				579AD8532E64BBD1004BC7F7 /* FirebaseCore in Frameworks */,
				579AD8492E64BAC2004BC7F7 /* FirebaseAnalytics in Frameworks */,
			);
			runOnlyForDeploymentPostprocessing = 0;
		};
		579AD8212E64B6B0004BC7F7 /* Frameworks */ = {
			isa = PBXFrameworksBuildPhase;
			buildActionMask = 2147483647;
			files = (
				579AD8512E64BBBD004BC7F7 /* FirebaseMessaging in Frameworks */,
				579AD84B2E64BAED004BC7F7 /* FirebaseAnalytics in Frameworks */,
			);
			runOnlyForDeploymentPostprocessing = 0;
		};
		579AD82B2E64B6B0004BC7F7 /* Frameworks */ = {
			isa = PBXFrameworksBuildPhase;
			buildActionMask = 2147483647;
			files = (
				579AD84D2E64BAFD004BC7F7 /* FirebaseAnalytics in Frameworks */,
			);
			runOnlyForDeploymentPostprocessing = 0;
		};
/* End PBXFrameworksBuildPhase section */

/* Begin PBXGroup section */
		579AD80E2E64B6AE004BC7F7 = {
			isa = PBXGroup;
			children = (
				579AD88F2E6504EE004BC7F7 /* tiefblau-app-Info.plist */,
				579AD8192E64B6AE004BC7F7 /* tiefblau app */,
				579AD8272E64B6B0004BC7F7 /* tiefblau appTests */,
				579AD8312E64B6B0004BC7F7 /* tiefblau appUITests */,
				579AD8182E64B6AE004BC7F7 /* Products */,
			);
			sourceTree = "<group>";
		};
		579AD8182E64B6AE004BC7F7 /* Products */ = {
			isa = PBXGroup;
			children = (
				579AD8172E64B6AE004BC7F7 /* tiefblau app.app */,
				579AD8242E64B6B0004BC7F7 /* tiefblau appTests.xctest */,
				579AD82E2E64B6B0004BC7F7 /* tiefblau appUITests.xctest */,
			);
			name = Products;
			sourceTree = "<group>";
		};
/* End PBXGroup section */

/* Begin PBXNativeTarget section */
		579AD8162E64B6AE004BC7F7 /* tiefblau app */ = {
			isa = PBXNativeTarget;
			buildConfigurationList = 579AD8382E64B6B0004BC7F7 /* Build configuration list for PBXNativeTarget "tiefblau app" */;
			buildPhases = (
				579AD8132E64B6AE004BC7F7 /* Sources */,
				579AD8142E64B6AE004BC7F7 /* Frameworks */,
				579AD8152E64B6AE004BC7F7 /* Resources */,
			);
			buildRules = (
			);
			dependencies = (
			);
			fileSystemSynchronizedGroups = (
				579AD8192E64B6AE004BC7F7 /* tiefblau app */,
			);
			name = "tiefblau app";
			packageProductDependencies = (
				579AD8482E64BAC2004BC7F7 /* FirebaseAnalytics */,
				579AD84E2E64BB97004BC7F7 /* FirebaseMessaging */,
				579AD8522E64BBD1004BC7F7 /* FirebaseCore */,
			);
			productName = "tiefblau app";
			productReference = 579AD8172E64B6AE004BC7F7 /* tiefblau app.app */;
			productType = "com.apple.product-type.application";
		};
		579AD8232E64B6B0004BC7F7 /* tiefblau appTests */ = {
			isa = PBXNativeTarget;
			buildConfigurationList = 579AD83B2E64B6B0004BC7F7 /* Build configuration list for PBXNativeTarget "tiefblau appTests" */;
			buildPhases = (
				579AD8202E64B6B0004BC7F7 /* Sources */,
				579AD8212E64B6B0004BC7F7 /* Frameworks */,
				579AD8222E64B6B0004BC7F7 /* Resources */,
			);
			buildRules = (
			);
			dependencies = (
				579AD8262E64B6B0004BC7F7 /* PBXTargetDependency */,
			);
			fileSystemSynchronizedGroups = (
				579AD8272E64B6B0004BC7F7 /* tiefblau appTests */,
			);
			name = "tiefblau appTests";
			packageProductDependencies = (
				579AD84A2E64BAED004BC7F7 /* FirebaseAnalytics */,
				579AD8502E64BBBD004BC7F7 /* FirebaseMessaging */,
			);
			productName = "tiefblau appTests";
			productReference = 579AD8242E64B6B0004BC7F7 /* tiefblau appTests.xctest */;
			productType = "com.apple.product-type.bundle.unit-test";
		};
		579AD82D2E64B6B0004BC7F7 /* tiefblau appUITests */ = {
			isa = PBXNativeTarget;
			buildConfigurationList = 579AD83E2E64B6B0004BC7F7 /* Build configuration list for PBXNativeTarget "tiefblau appUITests" */;
			buildPhases = (
				579AD82A2E64B6B0004BC7F7 /* Sources */,
				579AD82B2E64B6B0004BC7F7 /* Frameworks */,
				579AD82C2E64B6B0004BC7F7 /* Resources */,
			);
			buildRules = (
			);
			dependencies = (
				579AD8302E64B6B0004BC7F7 /* PBXTargetDependency */,
			);
			fileSystemSynchronizedGroups = (
				579AD8312E64B6B0004BC7F7 /* tiefblau appUITests */,
			);
			name = "tiefblau appUITests";
			packageProductDependencies = (
				579AD84C2E64BAFD004BC7F7 /* FirebaseAnalytics */,
			);
			productName = "tiefblau appUITests";
			productReference = 579AD82E2E64B6B0004BC7F7 /* tiefblau appUITests.xctest */;
			productType = "com.apple.product-type.bundle.ui-testing";
		};
/* End PBXNativeTarget section */

/* Begin PBXProject section */
		579AD80F2E64B6AE004BC7F7 /* Project object */ = {
			isa = PBXProject;
			attributes = {
				BuildIndependentTargetsInParallel = 1;
				LastSwiftUpdateCheck = 1640;
				LastUpgradeCheck = 1640;
				TargetAttributes = {
					579AD8162E64B6AE004BC7F7 = {
						CreatedOnToolsVersion = 16.4;
					};
					579AD8232E64B6B0004BC7F7 = {
						CreatedOnToolsVersion = 16.4;
						TestTargetID = 579AD8162E64B6AE004BC7F7;
					};
					579AD82D2E64B6B0004BC7F7 = {
						CreatedOnToolsVersion = 16.4;
						TestTargetID = 579AD8162E64B6AE004BC7F7;
					};
				};
			};
			buildConfigurationList = 579AD8122E64B6AE004BC7F7 /* Build configuration list for PBXProject "tiefblau app" */;
			developmentRegion = en;
			hasScannedForEncodings = 0;
			knownRegions = (
				en,
				Base,
			);
			mainGroup = 579AD80E2E64B6AE004BC7F7;
			minimizedProjectReferenceProxies = 1;
			packageReferences = (
				579AD8472E64BAC2004BC7F7 /* XCRemoteSwiftPackageReference "firebase-ios-sdk" */,
			);
			preferredProjectObjectVersion = 77;
			productRefGroup = 579AD8182E64B6AE004BC7F7 /* Products */;
			projectDirPath = "";
			projectRoot = "";
			targets = (
				579AD8162E64B6AE004BC7F7 /* tiefblau app */,
				579AD8232E64B6B0004BC7F7 /* tiefblau appTests */,
				579AD82D2E64B6B0004BC7F7 /* tiefblau appUITests */,
			);
		};
/* End PBXProject section */

/* Begin PBXResourcesBuildPhase section */
		579AD8152E64B6AE004BC7F7 /* Resources */ = {
			isa = PBXResourcesBuildPhase;
			buildActionMask = 2147483647;
			files = (
			);
			runOnlyForDeploymentPostprocessing = 0;
		};
		579AD8222E64B6B0004BC7F7 /* Resources */ = {
			isa = PBXResourcesBuildPhase;
			buildActionMask = 2147483647;
			files = (
			);
			runOnlyForDeploymentPostprocessing = 0;
		};
		579AD82C2E64B6B0004BC7F7 /* Resources */ = {
			isa = PBXResourcesBuildPhase;
			buildActionMask = 2147483647;
			files = (
			);
			runOnlyForDeploymentPostprocessing = 0;
		};
/* End PBXResourcesBuildPhase section */

/* Begin PBXSourcesBuildPhase section */
		579AD8132E64B6AE004BC7F7 /* Sources */ = {
			isa = PBXSourcesBuildPhase;
			buildActionMask = 2147483647;
			files = (
			);
			runOnlyForDeploymentPostprocessing = 0;
		};
		579AD8202E64B6B0004BC7F7 /* Sources */ = {
			isa = PBXSourcesBuildPhase;
			buildActionMask = 2147483647;
			files = (
			);
			runOnlyForDeploymentPostprocessing = 0;
		};
		579AD82A2E64B6B0004BC7F7 /* Sources */ = {
			isa = PBXSourcesBuildPhase;
			buildActionMask = 2147483647;
			files = (
			);
			runOnlyForDeploymentPostprocessing = 0;
		};
/* End PBXSourcesBuildPhase section */

/* Begin PBXTargetDependency section */
		579AD8262E64B6B0004BC7F7 /* PBXTargetDependency */ = {
			isa = PBXTargetDependency;
			target = 579AD8162E64B6AE004BC7F7 /* tiefblau app */;
			targetProxy = 579AD8252E64B6B0004BC7F7 /* PBXContainerItemProxy */;
		};
		579AD8302E64B6B0004BC7F7 /* PBXTargetDependency */ = {
			isa = PBXTargetDependency;
			target = 579AD8162E64B6AE004BC7F7 /* tiefblau app */;
			targetProxy = 579AD82F2E64B6B0004BC7F7 /* PBXContainerItemProxy */;
		};
/* End PBXTargetDependency section */

/* Begin XCBuildConfiguration section */
		579AD8362E64B6B0004BC7F7 /* Debug */ = {
			isa = XCBuildConfiguration;
			buildSettings = {
				ALWAYS_SEARCH_USER_PATHS = NO;
				ASSETCATALOG_COMPILER_GENERATE_SWIFT_ASSET_SYMBOL_EXTENSIONS = YES;
				CLANG_ANALYZER_NONNULL = YES;
				CLANG_ANALYZER_NUMBER_OBJECT_CONVERSION = YES_AGGRESSIVE;
				CLANG_CXX_LANGUAGE_STANDARD = "gnu++20";
				CLANG_ENABLE_MODULES = YES;
				CLANG_ENABLE_OBJC_ARC = YES;
				CLANG_ENABLE_OBJC_WEAK = YES;
				CLANG_WARN_BLOCK_CAPTURE_AUTORELEASING = YES;
				CLANG_WARN_BOOL_CONVERSION = YES;
				CLANG_WARN_COMMA = YES;
				CLANG_WARN_CONSTANT_CONVERSION = YES;
				CLANG_WARN_DEPRECATED_OBJC_IMPLEMENTATIONS = YES;
				CLANG_WARN_DIRECT_OBJC_ISA_USAGE = YES_ERROR;
				CLANG_WARN_DOCUMENTATION_COMMENTS = YES;
				CLANG_WARN_EMPTY_BODY = YES;
				CLANG_WARN_ENUM_CONVERSION = YES;
				CLANG_WARN_INFINITE_RECURSION = YES;
				CLANG_WARN_INT_CONVERSION = YES;
				CLANG_WARN_NON_LITERAL_NULL_CONVERSION = YES;
				CLANG_WARN_OBJC_IMPLICIT_RETAIN_SELF = YES;
				CLANG_WARN_OBJC_LITERAL_CONVERSION = YES;
				CLANG_WARN_OBJC_ROOT_CLASS = YES_ERROR;
				CLANG_WARN_QUOTED_INCLUDE_IN_FRAMEWORK_HEADER = YES;
				CLANG_WARN_RANGE_LOOP_ANALYSIS = YES;
				CLANG_WARN_STRICT_PROTOTYPES = YES;
				CLANG_WARN_SUSPICIOUS_MOVE = YES;
				CLANG_WARN_UNGUARDED_AVAILABILITY = YES_AGGRESSIVE;
				CLANG_WARN_UNREACHABLE_CODE = YES;
				CLANG_WARN__DUPLICATE_METHOD_MATCH = YES;
				COPY_PHASE_STRIP = NO;
				DEBUG_INFORMATION_FORMAT = dwarf;
				DEVELOPMENT_TEAM = RLQQJMZ5M7;
				ENABLE_STRICT_OBJC_MSGSEND = YES;
				ENABLE_TESTABILITY = YES;
				ENABLE_USER_SCRIPT_SANDBOXING = YES;
				GCC_C_LANGUAGE_STANDARD = gnu17;
				GCC_DYNAMIC_NO_PIC = NO;
				GCC_NO_COMMON_BLOCKS = YES;
				GCC_OPTIMIZATION_LEVEL = 0;
				GCC_PREPROCESSOR_DEFINITIONS = (
					"DEBUG=1",
					"$(inherited)",
				);
				GCC_WARN_64_TO_32_BIT_CONVERSION = YES;
				GCC_WARN_ABOUT_RETURN_TYPE = YES_ERROR;
				GCC_WARN_UNDECLARED_SELECTOR = YES;
				GCC_WARN_UNINITIALIZED_AUTOS = YES_AGGRESSIVE;
				GCC_WARN_UNUSED_FUNCTION = YES;
				GCC_WARN_UNUSED_VARIABLE = YES;
				IPHONEOS_DEPLOYMENT_TARGET = 18.5;
				LOCALIZATION_PREFERS_STRING_CATALOGS = YES;
				MTL_ENABLE_DEBUG_INFO = INCLUDE_SOURCE;
				MTL_FAST_MATH = YES;
				ONLY_ACTIVE_ARCH = YES;
				SDKROOT = iphoneos;
				SWIFT_ACTIVE_COMPILATION_CONDITIONS = "DEBUG $(inherited)";
				SWIFT_OPTIMIZATION_LEVEL = "-Onone";
			};
			name = Debug;
		};
		579AD8372E64B6B0004BC7F7 /* Release */ = {
			isa = XCBuildConfiguration;
			buildSettings = {
				ALWAYS_SEARCH_USER_PATHS = NO;
				ASSETCATALOG_COMPILER_GENERATE_SWIFT_ASSET_SYMBOL_EXTENSIONS = YES;
				CLANG_ANALYZER_NONNULL = YES;
				CLANG_ANALYZER_NUMBER_OBJECT_CONVERSION = YES_AGGRESSIVE;
				CLANG_CXX_LANGUAGE_STANDARD = "gnu++20";
				CLANG_ENABLE_MODULES = YES;
				CLANG_ENABLE_OBJC_ARC = YES;
				CLANG_ENABLE_OBJC_WEAK = YES;
				CLANG_WARN_BLOCK_CAPTURE_AUTORELEASING = YES;
				CLANG_WARN_BOOL_CONVERSION = YES;
				CLANG_WARN_COMMA = YES;
				CLANG_WARN_CONSTANT_CONVERSION = YES;
				CLANG_WARN_DEPRECATED_OBJC_IMPLEMENTATIONS = YES;
				CLANG_WARN_DIRECT_OBJC_ISA_USAGE = YES_ERROR;
				CLANG_WARN_DOCUMENTATION_COMMENTS = YES;
				CLANG_WARN_EMPTY_BODY = YES;
				CLANG_WARN_ENUM_CONVERSION = YES;
				CLANG_WARN_INFINITE_RECURSION = YES;
				CLANG_WARN_INT_CONVERSION = YES;
				CLANG_WARN_NON_LITERAL_NULL_CONVERSION = YES;
				CLANG_WARN_OBJC_IMPLICIT_RETAIN_SELF = YES;
				CLANG_WARN_OBJC_LITERAL_CONVERSION = YES;
				CLANG_WARN_OBJC_ROOT_CLASS = YES_ERROR;
				CLANG_WARN_QUOTED_INCLUDE_IN_FRAMEWORK_HEADER = YES;
				CLANG_WARN_RANGE_LOOP_ANALYSIS = YES;
				CLANG_WARN_STRICT_PROTOTYPES = YES;
				CLANG_WARN_SUSPICIOUS_MOVE = YES;
				CLANG_WARN_UNGUARDED_AVAILABILITY = YES_AGGRESSIVE;
				CLANG_WARN_UNREACHABLE_CODE = YES;
				CLANG_WARN__DUPLICATE_METHOD_MATCH = YES;
				COPY_PHASE_STRIP = NO;
				DEBUG_INFORMATION_FORMAT = "dwarf-with-dsym";
				DEVELOPMENT_TEAM = RLQQJMZ5M7;
				ENABLE_NS_ASSERTIONS = NO;
				ENABLE_STRICT_OBJC_MSGSEND = YES;
				ENABLE_USER_SCRIPT_SANDBOXING = YES;
				GCC_C_LANGUAGE_STANDARD = gnu17;
				GCC_NO_COMMON_BLOCKS = YES;
				GCC_WARN_64_TO_32_BIT_CONVERSION = YES;
				GCC_WARN_ABOUT_RETURN_TYPE = YES_ERROR;
				GCC_WARN_UNDECLARED_SELECTOR = YES;
				GCC_WARN_UNINITIALIZED_AUTOS = YES_AGGRESSIVE;
				GCC_WARN_UNUSED_FUNCTION = YES;
				GCC_WARN_UNUSED_VARIABLE = YES;
				IPHONEOS_DEPLOYMENT_TARGET = 18.5;
				LOCALIZATION_PREFERS_STRING_CATALOGS = YES;
				MTL_ENABLE_DEBUG_INFO = NO;
				MTL_FAST_MATH = YES;
				SDKROOT = iphoneos;
				SWIFT_COMPILATION_MODE = wholemodule;
				VALIDATE_PRODUCT = YES;
			};
			name = Release;
		};
		579AD8392E64B6B0004BC7F7 /* Debug */ = {
			isa = XCBuildConfiguration;
			buildSettings = {
				ASSETCATALOG_COMPILER_APPICON_NAME = AppIcon;
				ASSETCATALOG_COMPILER_GLOBAL_ACCENT_COLOR_NAME = AccentColor;
				ASSETCATALOG_COMPILER_INCLUDE_ALL_APPICON_ASSETS = YES;
				CODE_SIGN_ENTITLEMENTS = "tiefblau app/tiefblau app.entitlements";
				CODE_SIGN_STYLE = Automatic;
				CURRENT_PROJECT_VERSION = 1;
				DEVELOPMENT_TEAM = RLQQJMZ5M7;
				ENABLE_PREVIEWS = YES;
				GENERATE_INFOPLIST_FILE = YES;
				INFOPLIST_FILE = "tiefblau-app-Info.plist";
				INFOPLIST_KEY_UIApplicationSceneManifest_Generation = YES;
				INFOPLIST_KEY_UIApplicationSupportsIndirectInputEvents = YES;
				INFOPLIST_KEY_UILaunchStoryboardName = "LaunchScreen.storyboard ";
				INFOPLIST_KEY_UISupportedInterfaceOrientations_iPad = "UIInterfaceOrientationPortrait UIInterfaceOrientationPortraitUpsideDown UIInterfaceOrientationLandscapeLeft UIInterfaceOrientationLandscapeRight";
				INFOPLIST_KEY_UISupportedInterfaceOrientations_iPhone = "UIInterfaceOrientationPortrait UIInterfaceOrientationLandscapeLeft UIInterfaceOrientationLandscapeRight";
				IPHONEOS_DEPLOYMENT_TARGET = 15.6;
				LD_RUNPATH_SEARCH_PATHS = (
					"$(inherited)",
					"@executable_path/Frameworks",
				);
				MARKETING_VERSION = 0.83;
				PRODUCT_BUNDLE_IDENTIFIER = "tiefblau-musik.de.tiefblau-app";
				PRODUCT_NAME = "$(TARGET_NAME)";
				SUPPORTED_PLATFORMS = "iphoneos iphonesimulator";
				SUPPORTS_MACCATALYST = NO;
				SUPPORTS_MAC_DESIGNED_FOR_IPHONE_IPAD = NO;
				SUPPORTS_XR_DESIGNED_FOR_IPHONE_IPAD = NO;
				SWIFT_EMIT_LOC_STRINGS = YES;
				SWIFT_VERSION = 5.0;
				TARGETED_DEVICE_FAMILY = 1;
			};
			name = Debug;
		};
		579AD83A2E64B6B0004BC7F7 /* Release */ = {
			isa = XCBuildConfiguration;
			buildSettings = {
				ASSETCATALOG_COMPILER_APPICON_NAME = AppIcon;
				ASSETCATALOG_COMPILER_GLOBAL_ACCENT_COLOR_NAME = AccentColor;
				ASSETCATALOG_COMPILER_INCLUDE_ALL_APPICON_ASSETS = YES;
				CODE_SIGN_ENTITLEMENTS = "tiefblau app/tiefblau app.entitlements";
				CODE_SIGN_STYLE = Automatic;
				CURRENT_PROJECT_VERSION = 1;
				DEVELOPMENT_TEAM = RLQQJMZ5M7;
				ENABLE_PREVIEWS = YES;
				GENERATE_INFOPLIST_FILE = YES;
				INFOPLIST_FILE = "tiefblau-app-Info.plist";
				INFOPLIST_KEY_UIApplicationSceneManifest_Generation = YES;
				INFOPLIST_KEY_UIApplicationSupportsIndirectInputEvents = YES;
				INFOPLIST_KEY_UILaunchStoryboardName = "LaunchScreen.storyboard ";
				INFOPLIST_KEY_UISupportedInterfaceOrientations_iPad = "UIInterfaceOrientationPortrait UIInterfaceOrientationPortraitUpsideDown UIInterfaceOrientationLandscapeLeft UIInterfaceOrientationLandscapeRight";
				INFOPLIST_KEY_UISupportedInterfaceOrientations_iPhone = "UIInterfaceOrientationPortrait UIInterfaceOrientationLandscapeLeft UIInterfaceOrientationLandscapeRight";
				IPHONEOS_DEPLOYMENT_TARGET = 15.6;
				LD_RUNPATH_SEARCH_PATHS = (
					"$(inherited)",
					"@executable_path/Frameworks",
				);
				MARKETING_VERSION = 0.83;
				PRODUCT_BUNDLE_IDENTIFIER = "tiefblau-musik.de.tiefblau-app";
				PRODUCT_NAME = "$(TARGET_NAME)";
				SUPPORTED_PLATFORMS = "iphoneos iphonesimulator";
				SUPPORTS_MACCATALYST = NO;
				SUPPORTS_MAC_DESIGNED_FOR_IPHONE_IPAD = NO;
				SUPPORTS_XR_DESIGNED_FOR_IPHONE_IPAD = NO;
				SWIFT_EMIT_LOC_STRINGS = YES;
				SWIFT_VERSION = 5.0;
				TARGETED_DEVICE_FAMILY = 1;
			};
			name = Release;
		};
		579AD83C2E64B6B0004BC7F7 /* Debug */ = {
			isa = XCBuildConfiguration;
			buildSettings = {
				BUNDLE_LOADER = "$(TEST_HOST)";
				CODE_SIGN_STYLE = Automatic;
				CURRENT_PROJECT_VERSION = 1;
				DEVELOPMENT_TEAM = RLQQJMZ5M7;
				GENERATE_INFOPLIST_FILE = YES;
				IPHONEOS_DEPLOYMENT_TARGET = 18.5;
				MARKETING_VERSION = 1.0;
				PRODUCT_BUNDLE_IDENTIFIER = "tiefblau-musik.de.tiefblau-appTests";
				PRODUCT_NAME = "$(TARGET_NAME)";
				SWIFT_EMIT_LOC_STRINGS = NO;
				SWIFT_VERSION = 5.0;
				TARGETED_DEVICE_FAMILY = "1,2";
				TEST_HOST = "$(BUILT_PRODUCTS_DIR)/tiefblau app.app/$(BUNDLE_EXECUTABLE_FOLDER_PATH)/tiefblau app";
			};
			name = Debug;
		};
		579AD83D2E64B6B0004BC7F7 /* Release */ = {
			isa = XCBuildConfiguration;
			buildSettings = {
				BUNDLE_LOADER = "$(TEST_HOST)";
				CODE_SIGN_STYLE = Automatic;
				CURRENT_PROJECT_VERSION = 1;
				DEVELOPMENT_TEAM = RLQQJMZ5M7;
				GENERATE_INFOPLIST_FILE = YES;
				IPHONEOS_DEPLOYMENT_TARGET = 18.5;
				MARKETING_VERSION = 1.0;
				PRODUCT_BUNDLE_IDENTIFIER = "tiefblau-musik.de.tiefblau-appTests";
				PRODUCT_NAME = "$(TARGET_NAME)";
				SWIFT_EMIT_LOC_STRINGS = NO;
				SWIFT_VERSION = 5.0;
				TARGETED_DEVICE_FAMILY = "1,2";
				TEST_HOST = "$(BUILT_PRODUCTS_DIR)/tiefblau app.app/$(BUNDLE_EXECUTABLE_FOLDER_PATH)/tiefblau app";
			};
			name = Release;
		};
		579AD83F2E64B6B0004BC7F7 /* Debug */ = {
			isa = XCBuildConfiguration;
			buildSettings = {
				CODE_SIGN_STYLE = Automatic;
				CURRENT_PROJECT_VERSION = 1;
				DEVELOPMENT_TEAM = RLQQJMZ5M7;
				GENERATE_INFOPLIST_FILE = YES;
				MARKETING_VERSION = 1.0;
				PRODUCT_BUNDLE_IDENTIFIER = "tiefblau-musik.de.tiefblau-appUITests";
				PRODUCT_NAME = "$(TARGET_NAME)";
				SWIFT_EMIT_LOC_STRINGS = NO;
				SWIFT_VERSION = 5.0;
				TARGETED_DEVICE_FAMILY = "1,2";
				TEST_TARGET_NAME = "tiefblau app";
			};
			name = Debug;
		};
		579AD8402E64B6B0004BC7F7 /* Release */ = {
			isa = XCBuildConfiguration;
			buildSettings = {
				CODE_SIGN_STYLE = Automatic;
				CURRENT_PROJECT_VERSION = 1;
				DEVELOPMENT_TEAM = RLQQJMZ5M7;
				GENERATE_INFOPLIST_FILE = YES;
				MARKETING_VERSION = 1.0;
				PRODUCT_BUNDLE_IDENTIFIER = "tiefblau-musik.de.tiefblau-appUITests";
				PRODUCT_NAME = "$(TARGET_NAME)";
				SWIFT_EMIT_LOC_STRINGS = NO;
				SWIFT_VERSION = 5.0;
				TARGETED_DEVICE_FAMILY = "1,2";
				TEST_TARGET_NAME = "tiefblau app";
			};
			name = Release;
		};
/* End XCBuildConfiguration section */

/* Begin XCConfigurationList section */
		579AD8122E64B6AE004BC7F7 /* Build configuration list for PBXProject "tiefblau app" */ = {
			isa = XCConfigurationList;
			buildConfigurations = (
				579AD8362E64B6B0004BC7F7 /* Debug */,
				579AD8372E64B6B0004BC7F7 /* Release */,
			);
			defaultConfigurationIsVisible = 0;
			defaultConfigurationName = Release;
		};
		579AD8382E64B6B0004BC7F7 /* Build configuration list for PBXNativeTarget "tiefblau app" */ = {
			isa = XCConfigurationList;
			buildConfigurations = (
				579AD8392E64B6B0004BC7F7 /* Debug */,
				579AD83A2E64B6B0004BC7F7 /* Release */,
			);
			defaultConfigurationIsVisible = 0;
			defaultConfigurationName = Release;
		};
		579AD83B2E64B6B0004BC7F7 /* Build configuration list for PBXNativeTarget "tiefblau appTests" */ = {
			isa = XCConfigurationList;
			buildConfigurations = (
				579AD83C2E64B6B0004BC7F7 /* Debug */,
				579AD83D2E64B6B0004BC7F7 /* Release */,
			);
			defaultConfigurationIsVisible = 0;
			defaultConfigurationName = Release;
		};
		579AD83E2E64B6B0004BC7F7 /* Build configuration list for PBXNativeTarget "tiefblau appUITests" */ = {
			isa = XCConfigurationList;
			buildConfigurations = (
				579AD83F2E64B6B0004BC7F7 /* Debug */,
				579AD8402E64B6B0004BC7F7 /* Release */,
			);
			defaultConfigurationIsVisible = 0;
			defaultConfigurationName = Release;
		};
/* End XCConfigurationList section */

/* Begin XCRemoteSwiftPackageReference section */
		579AD8472E64BAC2004BC7F7 /* XCRemoteSwiftPackageReference "firebase-ios-sdk" */ = {
			isa = XCRemoteSwiftPackageReference;
			repositoryURL = "https://github.com/firebase/firebase-ios-sdk";
			requirement = {
				kind = upToNextMajorVersion;
				minimumVersion = 12.2.0;
			};
		};
/* End XCRemoteSwiftPackageReference section */

/* Begin XCSwiftPackageProductDependency section */
		579AD8482E64BAC2004BC7F7 /* FirebaseAnalytics */ = {
			isa = XCSwiftPackageProductDependency;
			package = 579AD8472E64BAC2004BC7F7 /* XCRemoteSwiftPackageReference "firebase-ios-sdk" */;
			productName = FirebaseAnalytics;
		};
		579AD84A2E64BAED004BC7F7 /* FirebaseAnalytics */ = {
			isa = XCSwiftPackageProductDependency;
			package = 579AD8472E64BAC2004BC7F7 /* XCRemoteSwiftPackageReference "firebase-ios-sdk" */;
			productName = FirebaseAnalytics;
		};
		579AD84C2E64BAFD004BC7F7 /* FirebaseAnalytics */ = {
			isa = XCSwiftPackageProductDependency;
			package = 579AD8472E64BAC2004BC7F7 /* XCRemoteSwiftPackageReference "firebase-ios-sdk" */;
			productName = FirebaseAnalytics;
		};
		579AD84E2E64BB97004BC7F7 /* FirebaseMessaging */ = {
			isa = XCSwiftPackageProductDependency;
			package = 579AD8472E64BAC2004BC7F7 /* XCRemoteSwiftPackageReference "firebase-ios-sdk" */;
			productName = FirebaseMessaging;
		};
		579AD8502E64BBBD004BC7F7 /* FirebaseMessaging */ = {
			isa = XCSwiftPackageProductDependency;
			package = 579AD8472E64BAC2004BC7F7 /* XCRemoteSwiftPackageReference "firebase-ios-sdk" */;
			productName = FirebaseMessaging;
		};
		579AD8522E64BBD1004BC7F7 /* FirebaseCore */ = {
			isa = XCSwiftPackageProductDependency;
			package = 579AD8472E64BAC2004BC7F7 /* XCRemoteSwiftPackageReference "firebase-ios-sdk" */;
			productName = FirebaseCore;
		};
/* End XCSwiftPackageProductDependency section */
	};
	rootObject = 579AD80F2E64B6AE004BC7F7 /* Project object */;
}
